
Microsoft Visual Studio Solution File, Format Version 12.00
# Visual Studio Version 17
VisualStudioVersion = 17.12.35506.116
MinimumVisualStudioVersion = 10.0.40219.1
Project("{FAE04EC0-301F-11D3-BF4B-00C04F79EFBC}") = "ValheimModNoCompass", "ValheimModNoCompass\ValheimModNoCompass.csproj", "{305A4283-94BD-43A0-88DE-AB05174A1F29}"
EndProject
Project("{FAE04EC0-301F-11D3-BF4B-00C04F79EFBC}") = "ValheimCartographyTableMapOnly", "ValheimCartographyTableMapOnly\ValheimCartographyTableMapOnly.csproj", "{B4EB01F7-88EC-4F99-9060-C23449522AFB}"
EndProject
Global
	GlobalSection(SolutionConfigurationPlatforms) = preSolution
		Debug|Any CPU = Debug|Any CPU
		Release|Any CPU = Release|Any CPU
	EndGlobalSection
	GlobalSection(ProjectConfigurationPlatforms) = postSolution
		{305A4283-94BD-43A0-88DE-AB05174A1F29}.Debug|Any CPU.ActiveCfg = Debug|Any CPU
		{305A4283-94BD-43A0-88DE-AB05174A1F29}.Debug|Any CPU.Build.0 = Debug|Any CPU
		{305A4283-94BD-43A0-88DE-AB05174A1F29}.Release|Any CPU.ActiveCfg = Release|Any CPU
		{305A4283-94BD-43A0-88DE-AB05174A1F29}.Release|Any CPU.Build.0 = Release|Any CPU
		{B4EB01F7-88EC-4F99-9060-C23449522AFB}.Debug|Any CPU.ActiveCfg = Debug|Any CPU
		{B4EB01F7-88EC-4F99-9060-C23449522AFB}.Debug|Any CPU.Build.0 = Debug|Any CPU
		{B4EB01F7-88EC-4F99-9060-C23449522AFB}.Release|Any CPU.ActiveCfg = Release|Any CPU
		{B4EB01F7-88EC-4F99-9060-C23449522AFB}.Release|Any CPU.Build.0 = Release|Any CPU
	EndGlobalSection
	GlobalSection(SolutionProperties) = preSolution
		HideSolutionNode = FALSE
	EndGlobalSection
EndGlobal
